
Microsoft Visual Studio Solution File, Format Version 12.00
# Visual Studio Version 17
Project("{8BC9CEB8-8B4A-11D0-8D11-00A0C91BC942}") = "ALL_BUILD", "ALL_BUILD.vcxproj", "{53094F85-7D00-3FAB-A8D3-47818F441C1F}"
	ProjectSection(ProjectDependencies) = postProject
		{FD4913F4-B301-3B61-8FE5-469938680468} = {FD4913F4-B301-3B61-8FE5-469938680468}
		{03A28E75-791C-34AA-8CC0-A2CE9FD3CAC7} = {03A28E75-791C-34AA-8CC0-A2CE9FD3CAC7}
	EndProjectSection
EndProject
Project("{8BC9CEB8-8B4A-11D0-8D11-00A0C91BC942}") = "CMakeProject1", "CMakeProject1.vcxproj", "{FD4913F4-B301-3B61-8FE5-469938680468}"
	ProjectSection(ProjectDependencies) = postProject
		{03A28E75-791C-34AA-8CC0-A2CE9FD3CAC7} = {03A28E75-791C-34AA-8CC0-A2CE9FD3CAC7}
	EndProjectSection
EndProject
Project("{8BC9CEB8-8B4A-11D0-8D11-00A0C91BC942}") = "ZERO_CHECK", "..\\ZERO_CHECK.vcxproj", "{03A28E75-791C-34AA-8CC0-A2CE9FD3CAC7}"
	ProjectSection(ProjectDependencies) = postProject
	EndProjectSection
EndProject
Global
	GlobalSection(SolutionConfigurationPlatforms) = preSolution
		Debug|x64 = Debug|x64
		Release|x64 = Release|x64
		MinSizeRel|x64 = MinSizeRel|x64
		RelWithDebInfo|x64 = RelWithDebInfo|x64
	EndGlobalSection
	GlobalSection(ProjectConfigurationPlatforms) = postSolution
		{53094F85-7D00-3FAB-A8D3-47818F441C1F}.Debug|x64.ActiveCfg = Debug|x64
		{53094F85-7D00-3FAB-A8D3-47818F441C1F}.Release|x64.ActiveCfg = Release|x64
		{53094F85-7D00-3FAB-A8D3-47818F441C1F}.MinSizeRel|x64.ActiveCfg = MinSizeRel|x64
		{53094F85-7D00-3FAB-A8D3-47818F441C1F}.RelWithDebInfo|x64.ActiveCfg = RelWithDebInfo|x64
		{FD4913F4-B301-3B61-8FE5-469938680468}.Debug|x64.ActiveCfg = Debug|x64
		{FD4913F4-B301-3B61-8FE5-469938680468}.Debug|x64.Build.0 = Debug|x64
		{FD4913F4-B301-3B61-8FE5-469938680468}.Release|x64.ActiveCfg = Release|x64
		{FD4913F4-B301-3B61-8FE5-469938680468}.Release|x64.Build.0 = Release|x64
		{FD4913F4-B301-3B61-8FE5-469938680468}.MinSizeRel|x64.ActiveCfg = MinSizeRel|x64
		{FD4913F4-B301-3B61-8FE5-469938680468}.MinSizeRel|x64.Build.0 = MinSizeRel|x64
		{FD4913F4-B301-3B61-8FE5-469938680468}.RelWithDebInfo|x64.ActiveCfg = RelWithDebInfo|x64
		{FD4913F4-B301-3B61-8FE5-469938680468}.RelWithDebInfo|x64.Build.0 = RelWithDebInfo|x64
		{03A28E75-791C-34AA-8CC0-A2CE9FD3CAC7}.Debug|x64.ActiveCfg = Debug|x64
		{03A28E75-791C-34AA-8CC0-A2CE9FD3CAC7}.Debug|x64.Build.0 = Debug|x64
		{03A28E75-791C-34AA-8CC0-A2CE9FD3CAC7}.Release|x64.ActiveCfg = Release|x64
		{03A28E75-791C-34AA-8CC0-A2CE9FD3CAC7}.Release|x64.Build.0 = Release|x64
		{03A28E75-791C-34AA-8CC0-A2CE9FD3CAC7}.MinSizeRel|x64.ActiveCfg = MinSizeRel|x64
		{03A28E75-791C-34AA-8CC0-A2CE9FD3CAC7}.MinSizeRel|x64.Build.0 = MinSizeRel|x64
		{03A28E75-791C-34AA-8CC0-A2CE9FD3CAC7}.RelWithDebInfo|x64.ActiveCfg = RelWithDebInfo|x64
		{03A28E75-791C-34AA-8CC0-A2CE9FD3CAC7}.RelWithDebInfo|x64.Build.0 = RelWithDebInfo|x64
	EndGlobalSection
	GlobalSection(ExtensibilityGlobals) = postSolution
		SolutionGuid = {425F2159-23BD-3F4B-903F-E86BD36D8561}
	EndGlobalSection
	GlobalSection(ExtensibilityAddIns) = postSolution
	EndGlobalSection
EndGlobal
